
Microsoft Visual Studio Solution File, Format Version 12.00
# Visual Studio 15
VisualStudioVersion = 15.0.27703.2026
MinimumVisualStudioVersion = 10.0.40219.1
Project("{FAE04EC0-301F-11D3-BF4B-00C04F79EFBC}") = "ConsoleApp1", "ConsoleApp1\ConsoleApp1.csproj", "{A530C958-DB37-4B76-A6BB-C152EE46F539}"
EndProject
Project("{FAE04EC0-301F-11D3-BF4B-00C04F79EFBC}") = "ClassLibrary1", "ClassLibrary1\ClassLibrary1.csproj", "{97D20C9B-3BB3-4453-B551-6796EC121756}"
EndProject
Global
	GlobalSection(SolutionConfigurationPlatforms) = preSolution
		Debug|Any CPU = Debug|Any CPU
		Release|Any CPU = Release|Any CPU
	EndGlobalSection
	GlobalSection(ProjectConfigurationPlatforms) = postSolution
		{A530C958-DB37-4B76-A6BB-C152EE46F539}.Debug|Any CPU.ActiveCfg = Debug|Any CPU
		{A530C958-DB37-4B76-A6BB-C152EE46F539}.Debug|Any CPU.Build.0 = Debug|Any CPU
		{A530C958-DB37-4B76-A6BB-C152EE46F539}.Release|Any CPU.ActiveCfg = Release|Any CPU
		{A530C958-DB37-4B76-A6BB-C152EE46F539}.Release|Any CPU.Build.0 = Release|Any CPU
		{97D20C9B-3BB3-4453-B551-6796EC121756}.Debug|Any CPU.ActiveCfg = Debug|Any CPU
		{97D20C9B-3BB3-4453-B551-6796EC121756}.Debug|Any CPU.Build.0 = Debug|Any CPU
		{97D20C9B-3BB3-4453-B551-6796EC121756}.Release|Any CPU.ActiveCfg = Release|Any CPU
		{97D20C9B-3BB3-4453-B551-6796EC121756}.Release|Any CPU.Build.0 = Release|Any CPU
	EndGlobalSection
	GlobalSection(SolutionProperties) = preSolution
		HideSolutionNode = FALSE
	EndGlobalSection
	GlobalSection(ExtensibilityGlobals) = postSolution
		SolutionGuid = {DD583A01-6C09-4398-8079-CEEE5312D2F7}
	EndGlobalSection
EndGlobal
